{
  "object": {
    "pins": [
      {
        "package": "LaunchAgent",
        "repositoryURL": "git@github.com:emorydunn/LaunchAgent.git",
        "state": {
          "branch": null,
          "revision": "9f6d33abfa4a0a45a877e9b884391981c1f4152b",
          "version": "0.3.0"
        }
      }
    ]
  },
  "version": 1
}
